// !$*UTF8*$!
{
	archiveVersion = 1;
	classes = {
	};
	objectVersion = 55;
	objects = {

/* Begin PBXBuildFile section */
		2E2DDB3028A67DF800F5C217 /* Tests_iOS.swift in Sources */ = {isa = PBXBuildFile; fileRef = 2E2DDB2F28A67DF800F5C217 /* Tests_iOS.swift */; };
		2E2DDB3228A67DF800F5C217 /* Tests_iOSLaunchTests.swift in Sources */ = {isa = PBXBuildFile; fileRef = 2E2DDB3128A67DF800F5C217 /* Tests_iOSLaunchTests.swift */; };
		2E2DDB3C28A67DF800F5C217 /* Tests_macOS.swift in Sources */ = {isa = PBXBuildFile; fileRef = 2E2DDB3B28A67DF800F5C217 /* Tests_macOS.swift */; };
		2E2DDB3E28A67DF800F5C217 /* Tests_macOSLaunchTests.swift in Sources */ = {isa = PBXBuildFile; fileRef = 2E2DDB3D28A67DF800F5C217 /* Tests_macOSLaunchTests.swift */; };
		2E2DDB3F28A67DF800F5C217 /* DemoAppApp.swift in Sources */ = {isa = PBXBuildFile; fileRef = 2E2DDB1728A67DF500F5C217 /* DemoAppApp.swift */; };
		2E2DDB4028A67DF800F5C217 /* DemoAppApp.swift in Sources */ = {isa = PBXBuildFile; fileRef = 2E2DDB1728A67DF500F5C217 /* DemoAppApp.swift */; };
		2E2DDB4128A67DF800F5C217 /* ContentView.swift in Sources */ = {isa = PBXBuildFile; fileRef = 2E2DDB1828A67DF500F5C217 /* ContentView.swift */; };
		2E2DDB4228A67DF800F5C217 /* ContentView.swift in Sources */ = {isa = PBXBuildFile; fileRef = 2E2DDB1828A67DF500F5C217 /* ContentView.swift */; };
		2E2DDB4328A67DF800F5C217 /* Assets.xcassets in Resources */ = {isa = PBXBuildFile; fileRef = 2E2DDB1928A67DF800F5C217 /* Assets.xcassets */; };
		2E2DDB4428A67DF800F5C217 /* Assets.xcassets in Resources */ = {isa = PBXBuildFile; fileRef = 2E2DDB1928A67DF800F5C217 /* Assets.xcassets */; };
/* End PBXBuildFile section */

/* Begin PBXContainerItemProxy section */
		2E2DDB2C28A67DF800F5C217 /* PBXContainerItemProxy */ = {
			isa = PBXContainerItemProxy;
			containerPortal = 2E2DDB1228A67DF400F5C217 /* Project object */;
			proxyType = 1;
			remoteGlobalIDString = 2E2DDB1D28A67DF800F5C217;
			remoteInfo = "DemoApp (iOS)";
		};
		2E2DDB3828A67DF800F5C217 /* PBXContainerItemProxy */ = {
			isa = PBXContainerItemProxy;
			containerPortal = 2E2DDB1228A67DF400F5C217 /* Project object */;
			proxyType = 1;
			remoteGlobalIDString = 2E2DDB2328A67DF800F5C217;
			remoteInfo = "DemoApp (macOS)";
		};
/* End PBXContainerItemProxy section */

/* Begin PBXFileReference section */
		2E2DDB1728A67DF500F5C217 /* DemoAppApp.swift */ = {isa = PBXFileReference; lastKnownFileType = sourcecode.swift; path = DemoAppApp.swift; sourceTree = "<group>"; };
		2E2DDB1828A67DF500F5C217 /* ContentView.swift */ = {isa = PBXFileReference; lastKnownFileType = sourcecode.swift; path = ContentView.swift; sourceTree = "<group>"; };
		2E2DDB1928A67DF800F5C217 /* Assets.xcassets */ = {isa = PBXFileReference; lastKnownFileType = folder.assetcatalog; path = Assets.xcassets; sourceTree = "<group>"; };
		2E2DDB1E28A67DF800F5C217 /* DemoApp.app */ = {isa = PBXFileReference; explicitFileType = wrapper.application; includeInIndex = 0; path = DemoApp.app; sourceTree = BUILT_PRODUCTS_DIR; };
		2E2DDB2428A67DF800F5C217 /* DemoApp.app */ = {isa = PBXFileReference; explicitFileType = wrapper.application; includeInIndex = 0; path = DemoApp.app; sourceTree = BUILT_PRODUCTS_DIR; };
		2E2DDB2628A67DF800F5C217 /* macOS.entitlements */ = {isa = PBXFileReference; lastKnownFileType = text.plist.entitlements; path = macOS.entitlements; sourceTree = "<group>"; };
		2E2DDB2B28A67DF800F5C217 /* Tests iOS.xctest */ = {isa = PBXFileReference; explicitFileType = wrapper.cfbundle; includeInIndex = 0; path = "Tests iOS.xctest"; sourceTree = BUILT_PRODUCTS_DIR; };
		2E2DDB2F28A67DF800F5C217 /* Tests_iOS.swift */ = {isa = PBXFileReference; lastKnownFileType = sourcecode.swift; path = Tests_iOS.swift; sourceTree = "<group>"; };
		2E2DDB3128A67DF800F5C217 /* Tests_iOSLaunchTests.swift */ = {isa = PBXFileReference; lastKnownFileType = sourcecode.swift; path = Tests_iOSLaunchTests.swift; sourceTree = "<group>"; };
		2E2DDB3728A67DF800F5C217 /* Tests macOS.xctest */ = {isa = PBXFileReference; explicitFileType = wrapper.cfbundle; includeInIndex = 0; path = "Tests macOS.xctest"; sourceTree = BUILT_PRODUCTS_DIR; };
		2E2DDB3B28A67DF800F5C217 /* Tests_macOS.swift */ = {isa = PBXFileReference; lastKnownFileType = sourcecode.swift; path = Tests_macOS.swift; sourceTree = "<group>"; };
		2E2DDB3D28A67DF800F5C217 /* Tests_macOSLaunchTests.swift */ = {isa = PBXFileReference; lastKnownFileType = sourcecode.swift; path = Tests_macOSLaunchTests.swift; sourceTree = "<group>"; };
/* End PBXFileReference section */

/* Begin PBXFrameworksBuildPhase section */
		2E2DDB1B28A67DF800F5C217 /* Frameworks */ = {
			isa = PBXFrameworksBuildPhase;
			buildActionMask = 2147483647;
			files = (
			);
			runOnlyForDeploymentPostprocessing = 0;
		};
		2E2DDB2128A67DF800F5C217 /* Frameworks */ = {
			isa = PBXFrameworksBuildPhase;
			buildActionMask = 2147483647;
			files = (
			);
			runOnlyForDeploymentPostprocessing = 0;
		};
		2E2DDB2828A67DF800F5C217 /* Frameworks */ = {
			isa = PBXFrameworksBuildPhase;
			buildActionMask = 2147483647;
			files = (
			);
			runOnlyForDeploymentPostprocessing = 0;
		};
		2E2DDB3428A67DF800F5C217 /* Frameworks */ = {
			isa = PBXFrameworksBuildPhase;
			buildActionMask = 2147483647;
			files = (
			);
			runOnlyForDeploymentPostprocessing = 0;
		};
/* End PBXFrameworksBuildPhase section */

/* Begin PBXGroup section */
		2E2DDB1128A67DF400F5C217 = {
			isa = PBXGroup;
			children = (
				2E2DDB1628A67DF500F5C217 /* Shared */,
				2E2DDB2528A67DF800F5C217 /* macOS */,
				2E2DDB2E28A67DF800F5C217 /* Tests iOS */,
				2E2DDB3A28A67DF800F5C217 /* Tests macOS */,
				2E2DDB1F28A67DF800F5C217 /* Products */,
			);
			sourceTree = "<group>";
		};
		2E2DDB1628A67DF500F5C217 /* Shared */ = {
			isa = PBXGroup;
			children = (
				2E2DDB1728A67DF500F5C217 /* DemoAppApp.swift */,
				2E2DDB1828A67DF500F5C217 /* ContentView.swift */,
				2E2DDB1928A67DF800F5C217 /* Assets.xcassets */,
			);
			path = Shared;
			sourceTree = "<group>";
		};
		2E2DDB1F28A67DF800F5C217 /* Products */ = {
			isa = PBXGroup;
			children = (
				2E2DDB1E28A67DF800F5C217 /* DemoApp.app */,
				2E2DDB2428A67DF800F5C217 /* DemoApp.app */,
				2E2DDB2B28A67DF800F5C217 /* Tests iOS.xctest */,
				2E2DDB3728A67DF800F5C217 /* Tests macOS.xctest */,
			);
			name = Products;
			sourceTree = "<group>";
		};
		2E2DDB2528A67DF800F5C217 /* macOS */ = {
			isa = PBXGroup;
			children = (
				2E2DDB2628A67DF800F5C217 /* macOS.entitlements */,
			);
			path = macOS;
			sourceTree = "<group>";
		};
		2E2DDB2E28A67DF800F5C217 /* Tests iOS */ = {
			isa = PBXGroup;
			children = (
				2E2DDB2F28A67DF800F5C217 /* Tests_iOS.swift */,
				2E2DDB3128A67DF800F5C217 /* Tests_iOSLaunchTests.swift */,
			);
			path = "Tests iOS";
			sourceTree = "<group>";
		};
		2E2DDB3A28A67DF800F5C217 /* Tests macOS */ = {
			isa = PBXGroup;
			children = (
				2E2DDB3B28A67DF800F5C217 /* Tests_macOS.swift */,
				2E2DDB3D28A67DF800F5C217 /* Tests_macOSLaunchTests.swift */,
			);
			path = "Tests macOS";
			sourceTree = "<group>";
		};
/* End PBXGroup section */

/* Begin PBXNativeTarget section */
		2E2DDB1D28A67DF800F5C217 /* DemoApp (iOS) */ = {
			isa = PBXNativeTarget;
			buildConfigurationList = 2E2DDB4728A67DF800F5C217 /* Build configuration list for PBXNativeTarget "DemoApp (iOS)" */;
			buildPhases = (
				2E2DDB1A28A67DF800F5C217 /* Sources */,
				2E2DDB1B28A67DF800F5C217 /* Frameworks */,
				2E2DDB1C28A67DF800F5C217 /* Resources */,
			);
			buildRules = (
			);
			dependencies = (
			);
			name = "DemoApp (iOS)";
			productName = "DemoApp (iOS)";
			productReference = 2E2DDB1E28A67DF800F5C217 /* DemoApp.app */;
			productType = "com.apple.product-type.application";
		};
		2E2DDB2328A67DF800F5C217 /* DemoApp (macOS) */ = {
			isa = PBXNativeTarget;
			buildConfigurationList = 2E2DDB4A28A67DF800F5C217 /* Build configuration list for PBXNativeTarget "DemoApp (macOS)" */;
			buildPhases = (
				2E2DDB2028A67DF800F5C217 /* Sources */,
				2E2DDB2128A67DF800F5C217 /* Frameworks */,
				2E2DDB2228A67DF800F5C217 /* Resources */,
			);
			buildRules = (
			);
			dependencies = (
			);
			name = "DemoApp (macOS)";
			productName = "DemoApp (macOS)";
			productReference = 2E2DDB2428A67DF800F5C217 /* DemoApp.app */;
			productType = "com.apple.product-type.application";
		};
		2E2DDB2A28A67DF800F5C217 /* Tests iOS */ = {
			isa = PBXNativeTarget;
			buildConfigurationList = 2E2DDB4D28A67DF800F5C217 /* Build configuration list for PBXNativeTarget "Tests iOS" */;
			buildPhases = (
				2E2DDB2728A67DF800F5C217 /* Sources */,
				2E2DDB2828A67DF800F5C217 /* Frameworks */,
				2E2DDB2928A67DF800F5C217 /* Resources */,
			);
			buildRules = (
			);
			dependencies = (
				2E2DDB2D28A67DF800F5C217 /* PBXTargetDependency */,
			);
			name = "Tests iOS";
			productName = "Tests iOS";
			productReference = 2E2DDB2B28A67DF800F5C217 /* Tests iOS.xctest */;
			productType = "com.apple.product-type.bundle.ui-testing";
		};
		2E2DDB3628A67DF800F5C217 /* Tests macOS */ = {
			isa = PBXNativeTarget;
			buildConfigurationList = 2E2DDB5028A67DF800F5C217 /* Build configuration list for PBXNativeTarget "Tests macOS" */;
			buildPhases = (
				2E2DDB3328A67DF800F5C217 /* Sources */,
				2E2DDB3428A67DF800F5C217 /* Frameworks */,
				2E2DDB3528A67DF800F5C217 /* Resources */,
			);
			buildRules = (
			);
			dependencies = (
				2E2DDB3928A67DF800F5C217 /* PBXTargetDependency */,
			);
			name = "Tests macOS";
			productName = "Tests macOS";
			productReference = 2E2DDB3728A67DF800F5C217 /* Tests macOS.xctest */;
			productType = "com.apple.product-type.bundle.ui-testing";
		};
/* End PBXNativeTarget section */

/* Begin PBXProject section */
		2E2DDB1228A67DF400F5C217 /* Project object */ = {
			isa = PBXProject;
			attributes = {
				BuildIndependentTargetsInParallel = 1;
				LastSwiftUpdateCheck = 1340;
				LastUpgradeCheck = 1340;
				TargetAttributes = {
					2E2DDB1D28A67DF800F5C217 = {
						CreatedOnToolsVersion = 13.4.1;
					};
					2E2DDB2328A67DF800F5C217 = {
						CreatedOnToolsVersion = 13.4.1;
					};
					2E2DDB2A28A67DF800F5C217 = {
						CreatedOnToolsVersion = 13.4.1;
						TestTargetID = 2E2DDB1D28A67DF800F5C217;
					};
					2E2DDB3628A67DF800F5C217 = {
						CreatedOnToolsVersion = 13.4.1;
						TestTargetID = 2E2DDB2328A67DF800F5C217;
					};
				};
			};
			buildConfigurationList = 2E2DDB1528A67DF500F5C217 /* Build configuration list for PBXProject "DemoApp" */;
			compatibilityVersion = "Xcode 13.0";
			developmentRegion = en;
			hasScannedForEncodings = 0;
			knownRegions = (
				en,
				Base,
			);
			mainGroup = 2E2DDB1128A67DF400F5C217;
			productRefGroup = 2E2DDB1F28A67DF800F5C217 /* Products */;
			projectDirPath = "";
			projectRoot = "";
			targets = (
				2E2DDB1D28A67DF800F5C217 /* DemoApp (iOS) */,
				2E2DDB2328A67DF800F5C217 /* DemoApp (macOS) */,
				2E2DDB2A28A67DF800F5C217 /* Tests iOS */,
				2E2DDB3628A67DF800F5C217 /* Tests macOS */,
			);
		};
/* End PBXProject section */

/* Begin PBXResourcesBuildPhase section */
		2E2DDB1C28A67DF800F5C217 /* Resources */ = {
			isa = PBXResourcesBuildPhase;
			buildActionMask = 2147483647;
			files = (
				2E2DDB4328A67DF800F5C217 /* Assets.xcassets in Resources */,
			);
			runOnlyForDeploymentPostprocessing = 0;
		};
		2E2DDB2228A67DF800F5C217 /* Resources */ = {
			isa = PBXResourcesBuildPhase;
			buildActionMask = 2147483647;
			files = (
				2E2DDB4428A67DF800F5C217 /* Assets.xcassets in Resources */,
			);
			runOnlyForDeploymentPostprocessing = 0;
		};
		2E2DDB2928A67DF800F5C217 /* Resources */ = {
			isa = PBXResourcesBuildPhase;
			buildActionMask = 2147483647;
			files = (
			);
			runOnlyForDeploymentPostprocessing = 0;
		};
		2E2DDB3528A67DF800F5C217 /* Resources */ = {
			isa = PBXResourcesBuildPhase;
			buildActionMask = 2147483647;
			files = (
			);
			runOnlyForDeploymentPostprocessing = 0;
		};
/* End PBXResourcesBuildPhase section */

/* Begin PBXSourcesBuildPhase section */
		2E2DDB1A28A67DF800F5C217 /* Sources */ = {
			isa = PBXSourcesBuildPhase;
			buildActionMask = 2147483647;
			files = (
				2E2DDB4128A67DF800F5C217 /* ContentView.swift in Sources */,
				2E2DDB3F28A67DF800F5C217 /* DemoAppApp.swift in Sources */,
			);
			runOnlyForDeploymentPostprocessing = 0;
		};
		2E2DDB2028A67DF800F5C217 /* Sources */ = {
			isa = PBXSourcesBuildPhase;
			buildActionMask = 2147483647;
			files = (
				2E2DDB4228A67DF800F5C217 /* ContentView.swift in Sources */,
				2E2DDB4028A67DF800F5C217 /* DemoAppApp.swift in Sources */,
			);
			runOnlyForDeploymentPostprocessing = 0;
		};
		2E2DDB2728A67DF800F5C217 /* Sources */ = {
			isa = PBXSourcesBuildPhase;
			buildActionMask = 2147483647;
			files = (
				2E2DDB3228A67DF800F5C217 /* Tests_iOSLaunchTests.swift in Sources */,
				2E2DDB3028A67DF800F5C217 /* Tests_iOS.swift in Sources */,
			);
			runOnlyForDeploymentPostprocessing = 0;
		};
		2E2DDB3328A67DF800F5C217 /* Sources */ = {
			isa = PBXSourcesBuildPhase;
			buildActionMask = 2147483647;
			files = (
				2E2DDB3E28A67DF800F5C217 /* Tests_macOSLaunchTests.swift in Sources */,
				2E2DDB3C28A67DF800F5C217 /* Tests_macOS.swift in Sources */,
			);
			runOnlyForDeploymentPostprocessing = 0;
		};
/* End PBXSourcesBuildPhase section */

/* Begin PBXTargetDependency section */
		2E2DDB2D28A67DF800F5C217 /* PBXTargetDependency */ = {
			isa = PBXTargetDependency;
			target = 2E2DDB1D28A67DF800F5C217 /* DemoApp (iOS) */;
			targetProxy = 2E2DDB2C28A67DF800F5C217 /* PBXContainerItemProxy */;
		};
		2E2DDB3928A67DF800F5C217 /* PBXTargetDependency */ = {
			isa = PBXTargetDependency;
			target = 2E2DDB2328A67DF800F5C217 /* DemoApp (macOS) */;
			targetProxy = 2E2DDB3828A67DF800F5C217 /* PBXContainerItemProxy */;
		};
/* End PBXTargetDependency section */

/* Begin XCBuildConfiguration section */
		2E2DDB4528A67DF800F5C217 /* Debug */ = {
			isa = XCBuildConfiguration;
			buildSettings = {
				ALWAYS_SEARCH_USER_PATHS = NO;
				CLANG_ANALYZER_NONNULL = YES;
				CLANG_ANALYZER_NUMBER_OBJECT_CONVERSION = YES_AGGRESSIVE;
				CLANG_CXX_LANGUAGE_STANDARD = "gnu++17";
				CLANG_ENABLE_MODULES = YES;
				CLANG_ENABLE_OBJC_ARC = YES;
				CLANG_ENABLE_OBJC_WEAK = YES;
				CLANG_WARN_BLOCK_CAPTURE_AUTORELEASING = YES;
				CLANG_WARN_BOOL_CONVERSION = YES;
				CLANG_WARN_COMMA = YES;
				CLANG_WARN_CONSTANT_CONVERSION = YES;
				CLANG_WARN_DEPRECATED_OBJC_IMPLEMENTATIONS = YES;
				CLANG_WARN_DIRECT_OBJC_ISA_USAGE = YES_ERROR;
				CLANG_WARN_DOCUMENTATION_COMMENTS = YES;
				CLANG_WARN_EMPTY_BODY = YES;
				CLANG_WARN_ENUM_CONVERSION = YES;
				CLANG_WARN_INFINITE_RECURSION = YES;
				CLANG_WARN_INT_CONVERSION = YES;
				CLANG_WARN_NON_LITERAL_NULL_CONVERSION = YES;
				CLANG_WARN_OBJC_IMPLICIT_RETAIN_SELF = YES;
				CLANG_WARN_OBJC_LITERAL_CONVERSION = YES;
				CLANG_WARN_OBJC_ROOT_CLASS = YES_ERROR;
				CLANG_WARN_QUOTED_INCLUDE_IN_FRAMEWORK_HEADER = YES;
				CLANG_WARN_RANGE_LOOP_ANALYSIS = YES;
				CLANG_WARN_STRICT_PROTOTYPES = YES;
				CLANG_WARN_SUSPICIOUS_MOVE = YES;
				CLANG_WARN_UNGUARDED_AVAILABILITY = YES_AGGRESSIVE;
				CLANG_WARN_UNREACHABLE_CODE = YES;
				CLANG_WARN__DUPLICATE_METHOD_MATCH = YES;
				COPY_PHASE_STRIP = NO;
				DEBUG_INFORMATION_FORMAT = dwarf;
				ENABLE_STRICT_OBJC_MSGSEND = YES;
				ENABLE_TESTABILITY = YES;
				GCC_C_LANGUAGE_STANDARD = gnu11;
				GCC_DYNAMIC_NO_PIC = NO;
				GCC_NO_COMMON_BLOCKS = YES;
				GCC_OPTIMIZATION_LEVEL = 0;
				GCC_PREPROCESSOR_DEFINITIONS = (
					"DEBUG=1",
					"$(inherited)",
				);
				GCC_WARN_64_TO_32_BIT_CONVERSION = YES;
				GCC_WARN_ABOUT_RETURN_TYPE = YES_ERROR;
				GCC_WARN_UNDECLARED_SELECTOR = YES;
				GCC_WARN_UNINITIALIZED_AUTOS = YES_AGGRESSIVE;
				GCC_WARN_UNUSED_FUNCTION = YES;
				GCC_WARN_UNUSED_VARIABLE = YES;
				MTL_ENABLE_DEBUG_INFO = INCLUDE_SOURCE;
				MTL_FAST_MATH = YES;
				ONLY_ACTIVE_ARCH = YES;
				SWIFT_ACTIVE_COMPILATION_CONDITIONS = DEBUG;
				SWIFT_OPTIMIZATION_LEVEL = "-Onone";
			};
			name = Debug;
		};
		2E2DDB4628A67DF800F5C217 /* Release */ = {
			isa = XCBuildConfiguration;
			buildSettings = {
				ALWAYS_SEARCH_USER_PATHS = NO;
				CLANG_ANALYZER_NONNULL = YES;
				CLANG_ANALYZER_NUMBER_OBJECT_CONVERSION = YES_AGGRESSIVE;
				CLANG_CXX_LANGUAGE_STANDARD = "gnu++17";
				CLANG_ENABLE_MODULES = YES;
				CLANG_ENABLE_OBJC_ARC = YES;
				CLANG_ENABLE_OBJC_WEAK = YES;
				CLANG_WARN_BLOCK_CAPTURE_AUTORELEASING = YES;
				CLANG_WARN_BOOL_CONVERSION = YES;
				CLANG_WARN_COMMA = YES;
				CLANG_WARN_CONSTANT_CONVERSION = YES;
				CLANG_WARN_DEPRECATED_OBJC_IMPLEMENTATIONS = YES;
				CLANG_WARN_DIRECT_OBJC_ISA_USAGE = YES_ERROR;
				CLANG_WARN_DOCUMENTATION_COMMENTS = YES;
				CLANG_WARN_EMPTY_BODY = YES;
				CLANG_WARN_ENUM_CONVERSION = YES;
				CLANG_WARN_INFINITE_RECURSION = YES;
				CLANG_WARN_INT_CONVERSION = YES;
				CLANG_WARN_NON_LITERAL_NULL_CONVERSION = YES;
				CLANG_WARN_OBJC_IMPLICIT_RETAIN_SELF = YES;
				CLANG_WARN_OBJC_LITERAL_CONVERSION = YES;
				CLANG_WARN_OBJC_ROOT_CLASS = YES_ERROR;
				CLANG_WARN_QUOTED_INCLUDE_IN_FRAMEWORK_HEADER = YES;
				CLANG_WARN_RANGE_LOOP_ANALYSIS = YES;
				CLANG_WARN_STRICT_PROTOTYPES = YES;
				CLANG_WARN_SUSPICIOUS_MOVE = YES;
				CLANG_WARN_UNGUARDED_AVAILABILITY = YES_AGGRESSIVE;
				CLANG_WARN_UNREACHABLE_CODE = YES;
				CLANG_WARN__DUPLICATE_METHOD_MATCH = YES;
				COPY_PHASE_STRIP = NO;
				DEBUG_INFORMATION_FORMAT = "dwarf-with-dsym";
				ENABLE_NS_ASSERTIONS = NO;
				ENABLE_STRICT_OBJC_MSGSEND = YES;
				GCC_C_LANGUAGE_STANDARD = gnu11;
				GCC_NO_COMMON_BLOCKS = YES;
				GCC_WARN_64_TO_32_BIT_CONVERSION = YES;
				GCC_WARN_ABOUT_RETURN_TYPE = YES_ERROR;
				GCC_WARN_UNDECLARED_SELECTOR = YES;
				GCC_WARN_UNINITIALIZED_AUTOS = YES_AGGRESSIVE;
				GCC_WARN_UNUSED_FUNCTION = YES;
				GCC_WARN_UNUSED_VARIABLE = YES;
				MTL_ENABLE_DEBUG_INFO = NO;
				MTL_FAST_MATH = YES;
				SWIFT_COMPILATION_MODE = wholemodule;
				SWIFT_OPTIMIZATION_LEVEL = "-O";
			};
			name = Release;
		};
		2E2DDB4828A67DF800F5C217 /* Debug */ = {
			isa = XCBuildConfiguration;
			buildSettings = {
				ASSETCATALOG_COMPILER_APPICON_NAME = AppIcon;
				ASSETCATALOG_COMPILER_GLOBAL_ACCENT_COLOR_NAME = AccentColor;
				CODE_SIGN_STYLE = Automatic;
				CURRENT_PROJECT_VERSION = 1;
				DEVELOPMENT_TEAM = SW82T79FTA;
				ENABLE_PREVIEWS = YES;
				GENERATE_INFOPLIST_FILE = YES;
				INFOPLIST_KEY_UIApplicationSceneManifest_Generation = YES;
				INFOPLIST_KEY_UIApplicationSupportsIndirectInputEvents = YES;
				INFOPLIST_KEY_UILaunchScreen_Generation = YES;
				INFOPLIST_KEY_UISupportedInterfaceOrientations_iPad = "UIInterfaceOrientationPortrait UIInterfaceOrientationPortraitUpsideDown UIInterfaceOrientationLandscapeLeft UIInterfaceOrientationLandscapeRight";
				INFOPLIST_KEY_UISupportedInterfaceOrientations_iPhone = "UIInterfaceOrientationPortrait UIInterfaceOrientationLandscapeLeft UIInterfaceOrientationLandscapeRight";
				IPHONEOS_DEPLOYMENT_TARGET = 15.5;
				LD_RUNPATH_SEARCH_PATHS = (
					"$(inherited)",
					"@executable_path/Frameworks",
				);
				MARKETING_VERSION = 1.0;
				PRODUCT_BUNDLE_IDENTIFIER = uiu.com.DemoApp;
				PRODUCT_NAME = DemoApp;
				SDKROOT = iphoneos;
				SWIFT_EMIT_LOC_STRINGS = YES;
				SWIFT_VERSION = 5.0;
				TARGETED_DEVICE_FAMILY = "1,2";
			};
			name = Debug;
		};
		2E2DDB4928A67DF800F5C217 /* Release */ = {
			isa = XCBuildConfiguration;
			buildSettings = {
				ASSETCATALOG_COMPILER_APPICON_NAME = AppIcon;
				ASSETCATALOG_COMPILER_GLOBAL_ACCENT_COLOR_NAME = AccentColor;
				CODE_SIGN_STYLE = Automatic;
				CURRENT_PROJECT_VERSION = 1;
				DEVELOPMENT_TEAM = SW82T79FTA;
				ENABLE_PREVIEWS = YES;
				GENERATE_INFOPLIST_FILE = YES;
				INFOPLIST_KEY_UIApplicationSceneManifest_Generation = YES;
				INFOPLIST_KEY_UIApplicationSupportsIndirectInputEvents = YES;
				INFOPLIST_KEY_UILaunchScreen_Generation = YES;
				INFOPLIST_KEY_UISupportedInterfaceOrientations_iPad = "UIInterfaceOrientationPortrait UIInterfaceOrientationPortraitUpsideDown UIInterfaceOrientationLandscapeLeft UIInterfaceOrientationLandscapeRight";
				INFOPLIST_KEY_UISupportedInterfaceOrientations_iPhone = "UIInterfaceOrientationPortrait UIInterfaceOrientationLandscapeLeft UIInterfaceOrientationLandscapeRight";
				IPHONEOS_DEPLOYMENT_TARGET = 15.5;
				LD_RUNPATH_SEARCH_PATHS = (
					"$(inherited)",
					"@executable_path/Frameworks",
				);
				MARKETING_VERSION = 1.0;
				PRODUCT_BUNDLE_IDENTIFIER = uiu.com.DemoApp;
				PRODUCT_NAME = DemoApp;
				SDKROOT = iphoneos;
				SWIFT_EMIT_LOC_STRINGS = YES;
				SWIFT_VERSION = 5.0;
				TARGETED_DEVICE_FAMILY = "1,2";
				VALIDATE_PRODUCT = YES;
			};
			name = Release;
		};
		2E2DDB4B28A67DF800F5C217 /* Debug */ = {
			isa = XCBuildConfiguration;
			buildSettings = {
				ASSETCATALOG_COMPILER_APPICON_NAME = AppIcon;
				ASSETCATALOG_COMPILER_GLOBAL_ACCENT_COLOR_NAME = AccentColor;
				CODE_SIGN_ENTITLEMENTS = macOS/macOS.entitlements;
				CODE_SIGN_STYLE = Automatic;
				COMBINE_HIDPI_IMAGES = YES;
				CURRENT_PROJECT_VERSION = 1;
				DEVELOPMENT_TEAM = SW82T79FTA;
				ENABLE_HARDENED_RUNTIME = YES;
				ENABLE_PREVIEWS = YES;
				GENERATE_INFOPLIST_FILE = YES;
				INFOPLIST_KEY_NSHumanReadableCopyright = "";
				LD_RUNPATH_SEARCH_PATHS = (
					"$(inherited)",
					"@executable_path/../Frameworks",
				);
				MACOSX_DEPLOYMENT_TARGET = 12.3;
				MARKETING_VERSION = 1.0;
				PRODUCT_BUNDLE_IDENTIFIER = uiu.com.DemoApp;
				PRODUCT_NAME = DemoApp;
				SDKROOT = macosx;
				SWIFT_EMIT_LOC_STRINGS = YES;
				SWIFT_VERSION = 5.0;
			};
			name = Debug;
		};
		2E2DDB4C28A67DF800F5C217 /* Release */ = {
			isa = XCBuildConfiguration;
			buildSettings = {
				ASSETCATALOG_COMPILER_APPICON_NAME = AppIcon;
				ASSETCATALOG_COMPILER_GLOBAL_ACCENT_COLOR_NAME = AccentColor;
				CODE_SIGN_ENTITLEMENTS = macOS/macOS.entitlements;
				CODE_SIGN_STYLE = Automatic;
				COMBINE_HIDPI_IMAGES = YES;
				CURRENT_PROJECT_VERSION = 1;
				DEVELOPMENT_TEAM = SW82T79FTA;
				ENABLE_HARDENED_RUNTIME = YES;
				ENABLE_PREVIEWS = YES;
				GENERATE_INFOPLIST_FILE = YES;
				INFOPLIST_KEY_NSHumanReadableCopyright = "";
				LD_RUNPATH_SEARCH_PATHS = (
					"$(inherited)",
					"@executable_path/../Frameworks",
				);
				MACOSX_DEPLOYMENT_TARGET = 12.3;
				MARKETING_VERSION = 1.0;
				PRODUCT_BUNDLE_IDENTIFIER = uiu.com.DemoApp;
				PRODUCT_NAME = DemoApp;
				SDKROOT = macosx;
				SWIFT_EMIT_LOC_STRINGS = YES;
				SWIFT_VERSION = 5.0;
			};
			name = Release;
		};
		2E2DDB4E28A67DF800F5C217 /* Debug */ = {
			isa = XCBuildConfiguration;
			buildSettings = {
				ALWAYS_EMBED_SWIFT_STANDARD_LIBRARIES = YES;
				CODE_SIGN_STYLE = Automatic;
				CURRENT_PROJECT_VERSION = 1;
				DEVELOPMENT_TEAM = SW82T79FTA;
				GENERATE_INFOPLIST_FILE = YES;
				IPHONEOS_DEPLOYMENT_TARGET = 15.5;
				MARKETING_VERSION = 1.0;
				PRODUCT_BUNDLE_IDENTIFIER = "uiu.com.Tests-iOS";
				PRODUCT_NAME = "$(TARGET_NAME)";
				SDKROOT = iphoneos;
				SWIFT_EMIT_LOC_STRINGS = NO;
				SWIFT_VERSION = 5.0;
				TARGETED_DEVICE_FAMILY = "1,2";
				TEST_TARGET_NAME = "DemoApp (iOS)";
			};
			name = Debug;
		};
		2E2DDB4F28A67DF800F5C217 /* Release */ = {
			isa = XCBuildConfiguration;
			buildSettings = {
				ALWAYS_EMBED_SWIFT_STANDARD_LIBRARIES = YES;
				CODE_SIGN_STYLE = Automatic;
				CURRENT_PROJECT_VERSION = 1;
				DEVELOPMENT_TEAM = SW82T79FTA;
				GENERATE_INFOPLIST_FILE = YES;
				IPHONEOS_DEPLOYMENT_TARGET = 15.5;
				MARKETING_VERSION = 1.0;
				PRODUCT_BUNDLE_IDENTIFIER = "uiu.com.Tests-iOS";
				PRODUCT_NAME = "$(TARGET_NAME)";
				SDKROOT = iphoneos;
				SWIFT_EMIT_LOC_STRINGS = NO;
				SWIFT_VERSION = 5.0;
				TARGETED_DEVICE_FAMILY = "1,2";
				TEST_TARGET_NAME = "DemoApp (iOS)";
				VALIDATE_PRODUCT = YES;
			};
			name = Release;
		};
		2E2DDB5128A67DF800F5C217 /* Debug */ = {
			isa = XCBuildConfiguration;
			buildSettings = {
				ALWAYS_EMBED_SWIFT_STANDARD_LIBRARIES = YES;
				CODE_SIGN_STYLE = Automatic;
				CURRENT_PROJECT_VERSION = 1;
				DEVELOPMENT_TEAM = SW82T79FTA;
				GENERATE_INFOPLIST_FILE = YES;
				MACOSX_DEPLOYMENT_TARGET = 12.3;
				MARKETING_VERSION = 1.0;
				PRODUCT_BUNDLE_IDENTIFIER = "uiu.com.Tests-macOS";
				PRODUCT_NAME = "$(TARGET_NAME)";
				SDKROOT = macosx;
				SWIFT_EMIT_LOC_STRINGS = NO;
				SWIFT_VERSION = 5.0;
				TEST_TARGET_NAME = "DemoApp (macOS)";
			};
			name = Debug;
		};
		2E2DDB5228A67DF800F5C217 /* Release */ = {
			isa = XCBuildConfiguration;
			buildSettings = {
				ALWAYS_EMBED_SWIFT_STANDARD_LIBRARIES = YES;
				CODE_SIGN_STYLE = Automatic;
				CURRENT_PROJECT_VERSION = 1;
				DEVELOPMENT_TEAM = SW82T79FTA;
				GENERATE_INFOPLIST_FILE = YES;
				MACOSX_DEPLOYMENT_TARGET = 12.3;
				MARKETING_VERSION = 1.0;
				PRODUCT_BUNDLE_IDENTIFIER = "uiu.com.Tests-macOS";
				PRODUCT_NAME = "$(TARGET_NAME)";
				SDKROOT = macosx;
				SWIFT_EMIT_LOC_STRINGS = NO;
				SWIFT_VERSION = 5.0;
				TEST_TARGET_NAME = "DemoApp (macOS)";
			};
			name = Release;
		};
/* End XCBuildConfiguration section */

/* Begin XCConfigurationList section */
		2E2DDB1528A67DF500F5C217 /* Build configuration list for PBXProject "DemoApp" */ = {
			isa = XCConfigurationList;
			buildConfigurations = (
				2E2DDB4528A67DF800F5C217 /* Debug */,
				2E2DDB4628A67DF800F5C217 /* Release */,
			);
			defaultConfigurationIsVisible = 0;
			defaultConfigurationName = Release;
		};
		2E2DDB4728A67DF800F5C217 /* Build configuration list for PBXNativeTarget "DemoApp (iOS)" */ = {
			isa = XCConfigurationList;
			buildConfigurations = (
				2E2DDB4828A67DF800F5C217 /* Debug */,
				2E2DDB4928A67DF800F5C217 /* Release */,
			);
			defaultConfigurationIsVisible = 0;
			defaultConfigurationName = Release;
		};
		2E2DDB4A28A67DF800F5C217 /* Build configuration list for PBXNativeTarget "DemoApp (macOS)" */ = {
			isa = XCConfigurationList;
			buildConfigurations = (
				2E2DDB4B28A67DF800F5C217 /* Debug */,
				2E2DDB4C28A67DF800F5C217 /* Release */,
			);
			defaultConfigurationIsVisible = 0;
			defaultConfigurationName = Release;
		};
		2E2DDB4D28A67DF800F5C217 /* Build configuration list for PBXNativeTarget "Tests iOS" */ = {
			isa = XCConfigurationList;
			buildConfigurations = (
				2E2DDB4E28A67DF800F5C217 /* Debug */,
				2E2DDB4F28A67DF800F5C217 /* Release */,
			);
			defaultConfigurationIsVisible = 0;
			defaultConfigurationName = Release;
		};
		2E2DDB5028A67DF800F5C217 /* Build configuration list for PBXNativeTarget "Tests macOS" */ = {
			isa = XCConfigurationList;
			buildConfigurations = (
				2E2DDB5128A67DF800F5C217 /* Debug */,
				2E2DDB5228A67DF800F5C217 /* Release */,
			);
			defaultConfigurationIsVisible = 0;
			defaultConfigurationName = Release;
		};
/* End XCConfigurationList section */
	};
	rootObject = 2E2DDB1228A67DF400F5C217 /* Project object */;
}
